{
  "originHash" : "4f6f5177969e130d5aacb4978f521d007eda324d07e75da2d9c03201fb07950f",
  "pins" : [
    {
      "identity" : "askcoordinator",
      "kind" : "remoteSourceControl",
      "location" : "git@github.com:skorulis/ASKCoordinator.git",
      "state" : {
        "branch" : "main",
        "revision" : "5e8d5457970b443f93022bdc67fa5dfa32115d2b"
      }
    },
    {
      "identity" : "askcore",
      "kind" : "remoteSourceControl",
      "location" : "https://github.com/skorulis/ASKCore",
      "state" : {
        "branch" : "main",
        "revision" : "b10c80e347739f1288846fa2a341440c74481d65"
      }
    },
    {
      "identity" : "knit",
      "kind" : "remoteSourceControl",
      "location" : "https://github.com/cashapp/knit",
      "state" : {
        "branch" : "skorulis/resolver-class",
        "revision" : "f645ad918b2b38173e4d1c82fe622d95d25b10a6"
      }
    },
    {
      "identity" : "swift-argument-parser",
      "kind" : "remoteSourceControl",
      "location" : "https://github.com/apple/swift-argument-parser",
      "state" : {
        "revision" : "309a47b2b1d9b5e991f36961c983ecec72275be3",
        "version" : "1.6.1"
      }
    },
    {
      "identity" : "swift-syntax",
      "kind" : "remoteSourceControl",
      "location" : "https://github.com/apple/swift-syntax.git",
      "state" : {
        "revision" : "f99ae8aa18f0cf0d53481901f88a0991dc3bd4a2",
        "version" : "601.0.1"
      }
    },
    {
      "identity" : "swiftcompactor",
      "kind" : "remoteSourceControl",
      "location" : "git@github.com:openalloc/SwiftCompactor.git",
      "state" : {
        "revision" : "5caf0b3d43ee139fc34673df89c5ad93d2f5078f",
        "version" : "1.3.0"
      }
    }
  ],
  "version" : 3
}
