{
  "originHash" : "64c21866791ba98a47950bc9127c1616e22e223b7715853ed8fc93e439c0d9ae",
  "pins" : [
    {
      "identity" : "askcoordinator",
      "kind" : "remoteSourceControl",
      "location" : "git@github.com:skorulis/ASKCoordinator.git",
      "state" : {
        "branch" : "main",
        "revision" : "5e8d5457970b443f93022bdc67fa5dfa32115d2b"
      }
    },
    {
      "identity" : "knit",
      "kind" : "remoteSourceControl",
      "location" : "https://github.com/cashapp/knit",
      "state" : {
        "branch" : "skorulis/resolver-class",
        "revision" : "f645ad918b2b38173e4d1c82fe622d95d25b10a6"
      }
    },
    {
      "identity" : "swift-argument-parser",
      "kind" : "remoteSourceControl",
      "location" : "https://github.com/apple/swift-argument-parser",
      "state" : {
        "revision" : "309a47b2b1d9b5e991f36961c983ecec72275be3",
        "version" : "1.6.1"
      }
    },
    {
      "identity" : "swift-syntax",
      "kind" : "remoteSourceControl",
      "location" : "https://github.com/apple/swift-syntax.git",
      "state" : {
        "revision" : "f99ae8aa18f0cf0d53481901f88a0991dc3bd4a2",
        "version" : "601.0.1"
      }
    }
  ],
  "version" : 3
}
